
Microsoft Visual Studio Solution File, Format Version 12.00
# Visual Studio Version 17
VisualStudioVersion = 17.1.32127.271
MinimumVisualStudioVersion = 10.0.40219.1
Project("{9A19103F-16F7-4668-BE54-9A1E7A4F7556}") = "ICSharpCode.AvalonEdit.Sample", "ICSharpCode.AvalonEdit.Sample.csproj", "{7A7F3EC3-FF51-4ECA-9070-7EB4B97E261C}"
EndProject
Global
	GlobalSection(SolutionConfigurationPlatforms) = preSolution
		Debug|Any CPU = Debug|Any CPU
		Release|Any CPU = Release|Any CPU
	EndGlobalSection
	GlobalSection(ProjectConfigurationPlatforms) = postSolution
		{7A7F3EC3-FF51-4ECA-9070-7EB4B97E261C}.Debug|Any CPU.ActiveCfg = Debug|Any CPU
		{7A7F3EC3-FF51-4ECA-9070-7EB4B97E261C}.Debug|Any CPU.Build.0 = Debug|Any CPU
		{7A7F3EC3-FF51-4ECA-9070-7EB4B97E261C}.Release|Any CPU.ActiveCfg = Release|Any CPU
		{7A7F3EC3-FF51-4ECA-9070-7EB4B97E261C}.Release|Any CPU.Build.0 = Release|Any CPU
	EndGlobalSection
	GlobalSection(SolutionProperties) = preSolution
		HideSolutionNode = FALSE
	EndGlobalSection
	GlobalSection(ExtensibilityGlobals) = postSolution
		SolutionGuid = {2B24A57B-B94F-42D7-8582-2E5C4B1BBA2D}
	EndGlobalSection
EndGlobal
